
Microsoft Visual Studio Solution File, Format Version 12.00
# Visual Studio Version 16
VisualStudioVersion = 16.0.31313.79
MinimumVisualStudioVersion = 10.0.40219.1
Project("{FAE04EC0-301F-11D3-BF4B-00C04F79EFBC}") = "ConsoleApp1", "ConsoleApp1\ConsoleApp1.csproj", "{6CCD7A68-2508-41FD-9905-0A169F2E673C}"
EndProject
Global
	GlobalSection(SolutionConfigurationPlatforms) = preSolution
		Debug|Any CPU = Debug|Any CPU
		Release|Any CPU = Release|Any CPU
	EndGlobalSection
	GlobalSection(ProjectConfigurationPlatforms) = postSolution
		{6CCD7A68-2508-41FD-9905-0A169F2E673C}.Debug|Any CPU.ActiveCfg = Debug|Any CPU
		{6CCD7A68-2508-41FD-9905-0A169F2E673C}.Debug|Any CPU.Build.0 = Debug|Any CPU
		{6CCD7A68-2508-41FD-9905-0A169F2E673C}.Release|Any CPU.ActiveCfg = Release|Any CPU
		{6CCD7A68-2508-41FD-9905-0A169F2E673C}.Release|Any CPU.Build.0 = Release|Any CPU
	EndGlobalSection
	GlobalSection(SolutionProperties) = preSolution
		HideSolutionNode = FALSE
	EndGlobalSection
	GlobalSection(ExtensibilityGlobals) = postSolution
		SolutionGuid = {D39924BA-758B-44BB-B33F-B2D89B778CC0}
	EndGlobalSection
EndGlobal
